
Microsoft Visual Studio Solution File, Format Version 12.00
# Visual Studio Version 17
VisualStudioVersion = 17.10.34928.147
MinimumVisualStudioVersion = 10.0.40219.1
Project("{9A19103F-16F7-4668-BE54-9A1E7A4F7556}") = "NZWalks.API", "NZWalks.API\NZWalks.API.csproj", "{960EE805-939A-4362-9D8F-91D8E4D50F81}"
EndProject
Project("{F2A71F9B-5D33-465A-A702-920D77279786}") = "NZWolksUI", "NZWolksUI\NZWolksUI.fsproj", "{B179FB91-FEEC-4B55-B488-F417715F6152}"
EndProject
Global
	GlobalSection(SolutionConfigurationPlatforms) = preSolution
		Debug|Any CPU = Debug|Any CPU
		Release|Any CPU = Release|Any CPU
	EndGlobalSection
	GlobalSection(ProjectConfigurationPlatforms) = postSolution
		{960EE805-939A-4362-9D8F-91D8E4D50F81}.Debug|Any CPU.ActiveCfg = Debug|Any CPU
		{960EE805-939A-4362-9D8F-91D8E4D50F81}.Debug|Any CPU.Build.0 = Debug|Any CPU
		{960EE805-939A-4362-9D8F-91D8E4D50F81}.Release|Any CPU.ActiveCfg = Release|Any CPU
		{960EE805-939A-4362-9D8F-91D8E4D50F81}.Release|Any CPU.Build.0 = Release|Any CPU
		{B179FB91-FEEC-4B55-B488-F417715F6152}.Debug|Any CPU.ActiveCfg = Debug|Any CPU
		{B179FB91-FEEC-4B55-B488-F417715F6152}.Debug|Any CPU.Build.0 = Debug|Any CPU
		{B179FB91-FEEC-4B55-B488-F417715F6152}.Release|Any CPU.ActiveCfg = Release|Any CPU
		{B179FB91-FEEC-4B55-B488-F417715F6152}.Release|Any CPU.Build.0 = Release|Any CPU
	EndGlobalSection
	GlobalSection(SolutionProperties) = preSolution
		HideSolutionNode = FALSE
	EndGlobalSection
	GlobalSection(ExtensibilityGlobals) = postSolution
		SolutionGuid = {E1CDB230-A449-44C5-86E1-2F13361E0B6D}
	EndGlobalSection
EndGlobal
